
Microsoft Visual Studio Solution File, Format Version 12.00
# Visual Studio Version 17
VisualStudioVersion = 17.7.34031.279
MinimumVisualStudioVersion = 10.0.40219.1
Project("{FAE04EC0-301F-11D3-BF4B-00C04F79EFBC}") = "ehOmaior", "ehOmaior\ehOmaior.csproj", "{E165952F-1A02-4A65-B3D5-120F84783233}"
EndProject
Global
	GlobalSection(SolutionConfigurationPlatforms) = preSolution
		Debug|Any CPU = Debug|Any CPU
		Release|Any CPU = Release|Any CPU
	EndGlobalSection
	GlobalSection(ProjectConfigurationPlatforms) = postSolution
		{E165952F-1A02-4A65-B3D5-120F84783233}.Debug|Any CPU.ActiveCfg = Debug|Any CPU
		{E165952F-1A02-4A65-B3D5-120F84783233}.Debug|Any CPU.Build.0 = Debug|Any CPU
		{E165952F-1A02-4A65-B3D5-120F84783233}.Release|Any CPU.ActiveCfg = Release|Any CPU
		{E165952F-1A02-4A65-B3D5-120F84783233}.Release|Any CPU.Build.0 = Release|Any CPU
	EndGlobalSection
	GlobalSection(SolutionProperties) = preSolution
		HideSolutionNode = FALSE
	EndGlobalSection
	GlobalSection(ExtensibilityGlobals) = postSolution
		SolutionGuid = {FB710C05-BC49-4230-9EE0-D8437C6A2962}
	EndGlobalSection
EndGlobal
